
Microsoft Visual Studio Solution File, Format Version 12.00
# Visual Studio 15
VisualStudioVersion = 15.0.27004.2005
MinimumVisualStudioVersion = 10.0.40219.1
Project("{9A19103F-16F7-4668-BE54-9A1E7A4F7556}") = "ShoppingCart", "ShoppingCart\ShoppingCart.csproj", "{23CE2DA4-D082-45DB-A653-5E6D90610C3D}"
EndProject
Project("{FAE04EC0-301F-11D3-BF4B-00C04F79EFBC}") = "ShoppingCart.Services", "ShoppingCart.Services\ShoppingCart.Services.csproj", "{6C899741-306F-4404-BF2F-45D8E6D52764}"
EndProject
Project("{FAE04EC0-301F-11D3-BF4B-00C04F79EFBC}") = "ShoppingCart.Model", "ShoppingCart.Model\ShoppingCart.Model.csproj", "{4323B1A0-DF17-41F2-AC84-ACAC63647EBA}"
EndProject
Global
	GlobalSection(SolutionConfigurationPlatforms) = preSolution
		Debug|Any CPU = Debug|Any CPU
		Release|Any CPU = Release|Any CPU
	EndGlobalSection
	GlobalSection(ProjectConfigurationPlatforms) = postSolution
		{23CE2DA4-D082-45DB-A653-5E6D90610C3D}.Debug|Any CPU.ActiveCfg = Debug|Any CPU
		{23CE2DA4-D082-45DB-A653-5E6D90610C3D}.Debug|Any CPU.Build.0 = Debug|Any CPU
		{23CE2DA4-D082-45DB-A653-5E6D90610C3D}.Release|Any CPU.ActiveCfg = Release|Any CPU
		{23CE2DA4-D082-45DB-A653-5E6D90610C3D}.Release|Any CPU.Build.0 = Release|Any CPU
		{6C899741-306F-4404-BF2F-45D8E6D52764}.Debug|Any CPU.ActiveCfg = Debug|Any CPU
		{6C899741-306F-4404-BF2F-45D8E6D52764}.Debug|Any CPU.Build.0 = Debug|Any CPU
		{6C899741-306F-4404-BF2F-45D8E6D52764}.Release|Any CPU.ActiveCfg = Release|Any CPU
		{6C899741-306F-4404-BF2F-45D8E6D52764}.Release|Any CPU.Build.0 = Release|Any CPU
		{4323B1A0-DF17-41F2-AC84-ACAC63647EBA}.Debug|Any CPU.ActiveCfg = Debug|Any CPU
		{4323B1A0-DF17-41F2-AC84-ACAC63647EBA}.Debug|Any CPU.Build.0 = Debug|Any CPU
		{4323B1A0-DF17-41F2-AC84-ACAC63647EBA}.Release|Any CPU.ActiveCfg = Release|Any CPU
		{4323B1A0-DF17-41F2-AC84-ACAC63647EBA}.Release|Any CPU.Build.0 = Release|Any CPU
	EndGlobalSection
	GlobalSection(SolutionProperties) = preSolution
		HideSolutionNode = FALSE
	EndGlobalSection
	GlobalSection(ExtensibilityGlobals) = postSolution
		SolutionGuid = {86FC4E40-7763-42BB-9545-A3C473C837AB}
	EndGlobalSection
EndGlobal
