
Microsoft Visual Studio Solution File, Format Version 12.00
# Visual Studio 15
VisualStudioVersion = 15.0.27130.2024
MinimumVisualStudioVersion = 10.0.40219.1
Project("{9A19103F-16F7-4668-BE54-9A1E7A4F7556}") = "OnlineStore.Api", "OnlineStore.Api\OnlineStore.Api.csproj", "{6232698D-0A6C-4C31-9743-493BAAA6799C}"
EndProject
Project("{9A19103F-16F7-4668-BE54-9A1E7A4F7556}") = "ShoppingCart.Commands", "ShoppingCart.Commands\ShoppingCart.Commands.csproj", "{4D0DD7E1-0683-415E-9B87-DC968A74E3B8}"
EndProject
Project("{9A19103F-16F7-4668-BE54-9A1E7A4F7556}") = "ShoppingCart.Model", "ShoppingCart.Model\ShoppingCart.Model.csproj", "{7129CACB-3483-4DF5-A9D1-AE36692B691F}"
EndProject
Project("{9A19103F-16F7-4668-BE54-9A1E7A4F7556}") = "Store.Model", "Store.Model\Store.Model.csproj", "{28555A69-5148-422A-B045-7FB00F61BB93}"
EndProject
Project("{9A19103F-16F7-4668-BE54-9A1E7A4F7556}") = "ShoppingCart.Application", "ShoppingCart.Application\ShoppingCart.Application.csproj", "{6866D925-52FB-4A2E-87D2-02541DEA9B17}"
EndProject
Project("{9A19103F-16F7-4668-BE54-9A1E7A4F7556}") = "Core.Model", "Core.Model\Core.Model.csproj", "{9C596026-1E62-4912-AE52-6B1B65B81EDA}"
EndProject
Project("{9A19103F-16F7-4668-BE54-9A1E7A4F7556}") = "Store.Commands", "Store.Commands\Store.Commands.csproj", "{8E56125F-A95E-4860-B88A-33356E627112}"
EndProject
Project("{2150E333-8FDC-42A3-9474-1A3956D46DE8}") = "ShoppingCart", "ShoppingCart", "{2092A344-E8C7-40AE-8CFE-428E50CC0BDD}"
EndProject
Project("{2150E333-8FDC-42A3-9474-1A3956D46DE8}") = "Store", "Store", "{CC80B60D-9212-4635-BCCB-6D0AC385C7CF}"
EndProject
Project("{9A19103F-16F7-4668-BE54-9A1E7A4F7556}") = "Store.Application", "Store.Application\Store.Application.csproj", "{3CCF7706-C8AE-48D3-9C03-5873C4A50093}"
EndProject
Project("{2150E333-8FDC-42A3-9474-1A3956D46DE8}") = "Checkout", "Checkout", "{5A5FF5AC-20DB-420B-BA64-EF6DC09DEF10}"
EndProject
Project("{9A19103F-16F7-4668-BE54-9A1E7A4F7556}") = "Checkout.Model", "Checkout.Model\Checkout.Model.csproj", "{F98AE0F5-E89E-40B4-BD99-2E81EC4F8429}"
EndProject
Project("{9A19103F-16F7-4668-BE54-9A1E7A4F7556}") = "Checkout.Commands", "Checkout.Commands\Checkout.Commands.csproj", "{63EC2A54-C272-4566-8BF3-E3EA6CEB888A}"
EndProject
Project("{9A19103F-16F7-4668-BE54-9A1E7A4F7556}") = "Checkout.Application", "Checkout.Application\Checkout.Application.csproj", "{6D043FF9-491B-4134-9E83-5D8FD108C962}"
EndProject
Project("{2150E333-8FDC-42A3-9474-1A3956D46DE8}") = "Tests", "Tests", "{A077278A-21A2-4220-9527-F29574913483}"
EndProject
Project("{9A19103F-16F7-4668-BE54-9A1E7A4F7556}") = "OnlineStore.Api.Tests", "OnlineStore.Api.Tests\OnlineStore.Api.Tests.csproj", "{8D5CEB45-3A10-4DA1-91B9-9C15D24FB3A8}"
EndProject
Project("{9A19103F-16F7-4668-BE54-9A1E7A4F7556}") = "Checkout.Validation", "Checkout.Validation\Checkout.Validation.csproj", "{68D109E9-289F-4401-B063-A19B3A9BB01B}"
EndProject
Project("{9A19103F-16F7-4668-BE54-9A1E7A4F7556}") = "ShoppingCart.Validation", "ShoppingCart.Validation\ShoppingCart.Validation.csproj", "{54C8FC62-597E-473F-90F1-05107759B1D7}"
EndProject
Project("{9A19103F-16F7-4668-BE54-9A1E7A4F7556}") = "Store.Validation", "Store.Validation\Store.Validation.csproj", "{AC604F9E-2F78-469C-911B-61F3A244001A}"
EndProject
Project("{9A19103F-16F7-4668-BE54-9A1E7A4F7556}") = "Checkout.Validation.Tests", "Checkout.Validation.Tests\Checkout.Validation.Tests.csproj", "{FEEF82F7-3E04-4624-AE15-1E4FEED46188}"
EndProject
Project("{9A19103F-16F7-4668-BE54-9A1E7A4F7556}") = "ShoppingCart.Validation.Tests", "ShoppingCart.Validation.Tests\ShoppingCart.Validation.Tests.csproj", "{D296FDC3-3661-4DA3-A311-804A9BCF1482}"
EndProject
Project("{9A19103F-16F7-4668-BE54-9A1E7A4F7556}") = "Store.Validation.Tests", "Store.Validation.Tests\Store.Validation.Tests.csproj", "{9B4B4CF1-761E-4004-8347-311A3823DBE9}"
EndProject
Project("{FAE04EC0-301F-11D3-BF4B-00C04F79EFBC}") = "Store.Functions", "Store.Functions\Store.Functions.csproj", "{1AEE9615-22C8-4198-BFCD-DCA28FE8DCDC}"
EndProject
Project("{FAE04EC0-301F-11D3-BF4B-00C04F79EFBC}") = "Core.Commanding", "Core.Commanding\Core.Commanding.csproj", "{FD123275-0D31-494A-8A8C-3A3E25F67128}"
EndProject
Global
	GlobalSection(SolutionConfigurationPlatforms) = preSolution
		Debug|Any CPU = Debug|Any CPU
		Release|Any CPU = Release|Any CPU
	EndGlobalSection
	GlobalSection(ProjectConfigurationPlatforms) = postSolution
		{6232698D-0A6C-4C31-9743-493BAAA6799C}.Debug|Any CPU.ActiveCfg = Debug|Any CPU
		{6232698D-0A6C-4C31-9743-493BAAA6799C}.Debug|Any CPU.Build.0 = Debug|Any CPU
		{6232698D-0A6C-4C31-9743-493BAAA6799C}.Release|Any CPU.ActiveCfg = Release|Any CPU
		{6232698D-0A6C-4C31-9743-493BAAA6799C}.Release|Any CPU.Build.0 = Release|Any CPU
		{4D0DD7E1-0683-415E-9B87-DC968A74E3B8}.Debug|Any CPU.ActiveCfg = Debug|Any CPU
		{4D0DD7E1-0683-415E-9B87-DC968A74E3B8}.Debug|Any CPU.Build.0 = Debug|Any CPU
		{4D0DD7E1-0683-415E-9B87-DC968A74E3B8}.Release|Any CPU.ActiveCfg = Release|Any CPU
		{4D0DD7E1-0683-415E-9B87-DC968A74E3B8}.Release|Any CPU.Build.0 = Release|Any CPU
		{7129CACB-3483-4DF5-A9D1-AE36692B691F}.Debug|Any CPU.ActiveCfg = Debug|Any CPU
		{7129CACB-3483-4DF5-A9D1-AE36692B691F}.Debug|Any CPU.Build.0 = Debug|Any CPU
		{7129CACB-3483-4DF5-A9D1-AE36692B691F}.Release|Any CPU.ActiveCfg = Release|Any CPU
		{7129CACB-3483-4DF5-A9D1-AE36692B691F}.Release|Any CPU.Build.0 = Release|Any CPU
		{28555A69-5148-422A-B045-7FB00F61BB93}.Debug|Any CPU.ActiveCfg = Debug|Any CPU
		{28555A69-5148-422A-B045-7FB00F61BB93}.Debug|Any CPU.Build.0 = Debug|Any CPU
		{28555A69-5148-422A-B045-7FB00F61BB93}.Release|Any CPU.ActiveCfg = Release|Any CPU
		{28555A69-5148-422A-B045-7FB00F61BB93}.Release|Any CPU.Build.0 = Release|Any CPU
		{6866D925-52FB-4A2E-87D2-02541DEA9B17}.Debug|Any CPU.ActiveCfg = Debug|Any CPU
		{6866D925-52FB-4A2E-87D2-02541DEA9B17}.Debug|Any CPU.Build.0 = Debug|Any CPU
		{6866D925-52FB-4A2E-87D2-02541DEA9B17}.Release|Any CPU.ActiveCfg = Release|Any CPU
		{6866D925-52FB-4A2E-87D2-02541DEA9B17}.Release|Any CPU.Build.0 = Release|Any CPU
		{9C596026-1E62-4912-AE52-6B1B65B81EDA}.Debug|Any CPU.ActiveCfg = Debug|Any CPU
		{9C596026-1E62-4912-AE52-6B1B65B81EDA}.Debug|Any CPU.Build.0 = Debug|Any CPU
		{9C596026-1E62-4912-AE52-6B1B65B81EDA}.Release|Any CPU.ActiveCfg = Release|Any CPU
		{9C596026-1E62-4912-AE52-6B1B65B81EDA}.Release|Any CPU.Build.0 = Release|Any CPU
		{8E56125F-A95E-4860-B88A-33356E627112}.Debug|Any CPU.ActiveCfg = Debug|Any CPU
		{8E56125F-A95E-4860-B88A-33356E627112}.Debug|Any CPU.Build.0 = Debug|Any CPU
		{8E56125F-A95E-4860-B88A-33356E627112}.Release|Any CPU.ActiveCfg = Release|Any CPU
		{8E56125F-A95E-4860-B88A-33356E627112}.Release|Any CPU.Build.0 = Release|Any CPU
		{3CCF7706-C8AE-48D3-9C03-5873C4A50093}.Debug|Any CPU.ActiveCfg = Debug|Any CPU
		{3CCF7706-C8AE-48D3-9C03-5873C4A50093}.Debug|Any CPU.Build.0 = Debug|Any CPU
		{3CCF7706-C8AE-48D3-9C03-5873C4A50093}.Release|Any CPU.ActiveCfg = Release|Any CPU
		{3CCF7706-C8AE-48D3-9C03-5873C4A50093}.Release|Any CPU.Build.0 = Release|Any CPU
		{F98AE0F5-E89E-40B4-BD99-2E81EC4F8429}.Debug|Any CPU.ActiveCfg = Debug|Any CPU
		{F98AE0F5-E89E-40B4-BD99-2E81EC4F8429}.Debug|Any CPU.Build.0 = Debug|Any CPU
		{F98AE0F5-E89E-40B4-BD99-2E81EC4F8429}.Release|Any CPU.ActiveCfg = Release|Any CPU
		{F98AE0F5-E89E-40B4-BD99-2E81EC4F8429}.Release|Any CPU.Build.0 = Release|Any CPU
		{63EC2A54-C272-4566-8BF3-E3EA6CEB888A}.Debug|Any CPU.ActiveCfg = Debug|Any CPU
		{63EC2A54-C272-4566-8BF3-E3EA6CEB888A}.Debug|Any CPU.Build.0 = Debug|Any CPU
		{63EC2A54-C272-4566-8BF3-E3EA6CEB888A}.Release|Any CPU.ActiveCfg = Release|Any CPU
		{63EC2A54-C272-4566-8BF3-E3EA6CEB888A}.Release|Any CPU.Build.0 = Release|Any CPU
		{6D043FF9-491B-4134-9E83-5D8FD108C962}.Debug|Any CPU.ActiveCfg = Debug|Any CPU
		{6D043FF9-491B-4134-9E83-5D8FD108C962}.Debug|Any CPU.Build.0 = Debug|Any CPU
		{6D043FF9-491B-4134-9E83-5D8FD108C962}.Release|Any CPU.ActiveCfg = Release|Any CPU
		{6D043FF9-491B-4134-9E83-5D8FD108C962}.Release|Any CPU.Build.0 = Release|Any CPU
		{8D5CEB45-3A10-4DA1-91B9-9C15D24FB3A8}.Debug|Any CPU.ActiveCfg = Debug|Any CPU
		{8D5CEB45-3A10-4DA1-91B9-9C15D24FB3A8}.Debug|Any CPU.Build.0 = Debug|Any CPU
		{8D5CEB45-3A10-4DA1-91B9-9C15D24FB3A8}.Release|Any CPU.ActiveCfg = Release|Any CPU
		{8D5CEB45-3A10-4DA1-91B9-9C15D24FB3A8}.Release|Any CPU.Build.0 = Release|Any CPU
		{68D109E9-289F-4401-B063-A19B3A9BB01B}.Debug|Any CPU.ActiveCfg = Debug|Any CPU
		{68D109E9-289F-4401-B063-A19B3A9BB01B}.Debug|Any CPU.Build.0 = Debug|Any CPU
		{68D109E9-289F-4401-B063-A19B3A9BB01B}.Release|Any CPU.ActiveCfg = Release|Any CPU
		{68D109E9-289F-4401-B063-A19B3A9BB01B}.Release|Any CPU.Build.0 = Release|Any CPU
		{54C8FC62-597E-473F-90F1-05107759B1D7}.Debug|Any CPU.ActiveCfg = Debug|Any CPU
		{54C8FC62-597E-473F-90F1-05107759B1D7}.Debug|Any CPU.Build.0 = Debug|Any CPU
		{54C8FC62-597E-473F-90F1-05107759B1D7}.Release|Any CPU.ActiveCfg = Release|Any CPU
		{54C8FC62-597E-473F-90F1-05107759B1D7}.Release|Any CPU.Build.0 = Release|Any CPU
		{AC604F9E-2F78-469C-911B-61F3A244001A}.Debug|Any CPU.ActiveCfg = Debug|Any CPU
		{AC604F9E-2F78-469C-911B-61F3A244001A}.Debug|Any CPU.Build.0 = Debug|Any CPU
		{AC604F9E-2F78-469C-911B-61F3A244001A}.Release|Any CPU.ActiveCfg = Release|Any CPU
		{AC604F9E-2F78-469C-911B-61F3A244001A}.Release|Any CPU.Build.0 = Release|Any CPU
		{FEEF82F7-3E04-4624-AE15-1E4FEED46188}.Debug|Any CPU.ActiveCfg = Debug|Any CPU
		{FEEF82F7-3E04-4624-AE15-1E4FEED46188}.Debug|Any CPU.Build.0 = Debug|Any CPU
		{FEEF82F7-3E04-4624-AE15-1E4FEED46188}.Release|Any CPU.ActiveCfg = Release|Any CPU
		{FEEF82F7-3E04-4624-AE15-1E4FEED46188}.Release|Any CPU.Build.0 = Release|Any CPU
		{D296FDC3-3661-4DA3-A311-804A9BCF1482}.Debug|Any CPU.ActiveCfg = Debug|Any CPU
		{D296FDC3-3661-4DA3-A311-804A9BCF1482}.Debug|Any CPU.Build.0 = Debug|Any CPU
		{D296FDC3-3661-4DA3-A311-804A9BCF1482}.Release|Any CPU.ActiveCfg = Release|Any CPU
		{D296FDC3-3661-4DA3-A311-804A9BCF1482}.Release|Any CPU.Build.0 = Release|Any CPU
		{9B4B4CF1-761E-4004-8347-311A3823DBE9}.Debug|Any CPU.ActiveCfg = Debug|Any CPU
		{9B4B4CF1-761E-4004-8347-311A3823DBE9}.Debug|Any CPU.Build.0 = Debug|Any CPU
		{9B4B4CF1-761E-4004-8347-311A3823DBE9}.Release|Any CPU.ActiveCfg = Release|Any CPU
		{9B4B4CF1-761E-4004-8347-311A3823DBE9}.Release|Any CPU.Build.0 = Release|Any CPU
		{1AEE9615-22C8-4198-BFCD-DCA28FE8DCDC}.Debug|Any CPU.ActiveCfg = Debug|Any CPU
		{1AEE9615-22C8-4198-BFCD-DCA28FE8DCDC}.Debug|Any CPU.Build.0 = Debug|Any CPU
		{1AEE9615-22C8-4198-BFCD-DCA28FE8DCDC}.Release|Any CPU.ActiveCfg = Release|Any CPU
		{1AEE9615-22C8-4198-BFCD-DCA28FE8DCDC}.Release|Any CPU.Build.0 = Release|Any CPU
		{FD123275-0D31-494A-8A8C-3A3E25F67128}.Debug|Any CPU.ActiveCfg = Debug|Any CPU
		{FD123275-0D31-494A-8A8C-3A3E25F67128}.Debug|Any CPU.Build.0 = Debug|Any CPU
		{FD123275-0D31-494A-8A8C-3A3E25F67128}.Release|Any CPU.ActiveCfg = Release|Any CPU
		{FD123275-0D31-494A-8A8C-3A3E25F67128}.Release|Any CPU.Build.0 = Release|Any CPU
	EndGlobalSection
	GlobalSection(SolutionProperties) = preSolution
		HideSolutionNode = FALSE
	EndGlobalSection
	GlobalSection(NestedProjects) = preSolution
		{4D0DD7E1-0683-415E-9B87-DC968A74E3B8} = {2092A344-E8C7-40AE-8CFE-428E50CC0BDD}
		{7129CACB-3483-4DF5-A9D1-AE36692B691F} = {2092A344-E8C7-40AE-8CFE-428E50CC0BDD}
		{28555A69-5148-422A-B045-7FB00F61BB93} = {CC80B60D-9212-4635-BCCB-6D0AC385C7CF}
		{6866D925-52FB-4A2E-87D2-02541DEA9B17} = {2092A344-E8C7-40AE-8CFE-428E50CC0BDD}
		{8E56125F-A95E-4860-B88A-33356E627112} = {CC80B60D-9212-4635-BCCB-6D0AC385C7CF}
		{3CCF7706-C8AE-48D3-9C03-5873C4A50093} = {CC80B60D-9212-4635-BCCB-6D0AC385C7CF}
		{F98AE0F5-E89E-40B4-BD99-2E81EC4F8429} = {5A5FF5AC-20DB-420B-BA64-EF6DC09DEF10}
		{63EC2A54-C272-4566-8BF3-E3EA6CEB888A} = {5A5FF5AC-20DB-420B-BA64-EF6DC09DEF10}
		{6D043FF9-491B-4134-9E83-5D8FD108C962} = {5A5FF5AC-20DB-420B-BA64-EF6DC09DEF10}
		{8D5CEB45-3A10-4DA1-91B9-9C15D24FB3A8} = {A077278A-21A2-4220-9527-F29574913483}
		{68D109E9-289F-4401-B063-A19B3A9BB01B} = {5A5FF5AC-20DB-420B-BA64-EF6DC09DEF10}
		{54C8FC62-597E-473F-90F1-05107759B1D7} = {2092A344-E8C7-40AE-8CFE-428E50CC0BDD}
		{AC604F9E-2F78-469C-911B-61F3A244001A} = {CC80B60D-9212-4635-BCCB-6D0AC385C7CF}
		{FEEF82F7-3E04-4624-AE15-1E4FEED46188} = {A077278A-21A2-4220-9527-F29574913483}
		{D296FDC3-3661-4DA3-A311-804A9BCF1482} = {A077278A-21A2-4220-9527-F29574913483}
		{9B4B4CF1-761E-4004-8347-311A3823DBE9} = {A077278A-21A2-4220-9527-F29574913483}
		{1AEE9615-22C8-4198-BFCD-DCA28FE8DCDC} = {CC80B60D-9212-4635-BCCB-6D0AC385C7CF}
	EndGlobalSection
	GlobalSection(ExtensibilityGlobals) = postSolution
		SolutionGuid = {E289D8E3-515C-443F-A13B-FB30958BCABF}
	EndGlobalSection
EndGlobal
